// !$*UTF8*$!
{
	archiveVersion = 1;
	classes = {
	};
	objectVersion = 51;
	objects = {

/* Begin PBXBuildFile section */
		B9384F794F2F364429920884 /* Pods_project_2.framework in Frameworks */ = {isa = PBXBuildFile; fileRef = 1447BBAB0EF45A842E62BB2C /* Pods_project_2.framework */; };
		C9BFE081264049D900489159 /* AppDelegate.swift in Sources */ = {isa = PBXBuildFile; fileRef = C9BFE080264049D900489159 /* AppDelegate.swift */; };
		C9BFE083264049D900489159 /* SceneDelegate.swift in Sources */ = {isa = PBXBuildFile; fileRef = C9BFE082264049D900489159 /* SceneDelegate.swift */; };
		C9BFE085264049D900489159 /* MainViewController.swift in Sources */ = {isa = PBXBuildFile; fileRef = C9BFE084264049D900489159 /* MainViewController.swift */; };
		C9BFE088264049D900489159 /* Main.storyboard in Resources */ = {isa = PBXBuildFile; fileRef = C9BFE086264049D900489159 /* Main.storyboard */; };
		C9BFE08B264049D900489159 /* project_2.xcdatamodeld in Sources */ = {isa = PBXBuildFile; fileRef = C9BFE089264049D900489159 /* project_2.xcdatamodeld */; };
		C9BFE08D264049DB00489159 /* Assets.xcassets in Resources */ = {isa = PBXBuildFile; fileRef = C9BFE08C264049DB00489159 /* Assets.xcassets */; };
		C9BFE090264049DB00489159 /* LaunchScreen.storyboard in Resources */ = {isa = PBXBuildFile; fileRef = C9BFE08E264049DB00489159 /* LaunchScreen.storyboard */; };
		C9BFE0A126404C8000489159 /* BaseViewController.swift in Sources */ = {isa = PBXBuildFile; fileRef = C9BFE0A026404C8000489159 /* BaseViewController.swift */; };
		C9BFE0A826404CE700489159 /* TransactionCell.swift in Sources */ = {isa = PBXBuildFile; fileRef = C9BFE0A726404CE700489159 /* TransactionCell.swift */; };
		C9BFE0AB26404D3600489159 /* NewListViewController.swift in Sources */ = {isa = PBXBuildFile; fileRef = C9BFE0AA26404D3600489159 /* NewListViewController.swift */; };
		C9BFE0AE26404D5F00489159 /* NewListCircleView.swift in Sources */ = {isa = PBXBuildFile; fileRef = C9BFE0AD26404D5F00489159 /* NewListCircleView.swift */; };
		C9BFE0B126404D7D00489159 /* BaseView.swift in Sources */ = {isa = PBXBuildFile; fileRef = C9BFE0B026404D7D00489159 /* BaseView.swift */; };
		C9BFE0B426404DBB00489159 /* ColorCirlceCell.swift in Sources */ = {isa = PBXBuildFile; fileRef = C9BFE0B326404DBB00489159 /* ColorCirlceCell.swift */; };
		C9BFE0B726404DDE00489159 /* SelfSizingTableView.swift in Sources */ = {isa = PBXBuildFile; fileRef = C9BFE0B626404DDE00489159 /* SelfSizingTableView.swift */; };
		C9BFE0BA26404E0200489159 /* NewReminderViewController.swift in Sources */ = {isa = PBXBuildFile; fileRef = C9BFE0B926404E0200489159 /* NewReminderViewController.swift */; };
		C9BFE0BD26404E1A00489159 /* NewReminderCell.swift in Sources */ = {isa = PBXBuildFile; fileRef = C9BFE0BC26404E1A00489159 /* NewReminderCell.swift */; };
		C9BFE0C026404E5C00489159 /* ActionsBottomView.swift in Sources */ = {isa = PBXBuildFile; fileRef = C9BFE0BF26404E5C00489159 /* ActionsBottomView.swift */; };
		C9BFE0C42643CC2D00489159 /* LoginViewController.swift in Sources */ = {isa = PBXBuildFile; fileRef = C9BFE0C32643CC2D00489159 /* LoginViewController.swift */; };
/* End PBXBuildFile section */

/* Begin PBXFileReference section */
		1447BBAB0EF45A842E62BB2C /* Pods_project_2.framework */ = {isa = PBXFileReference; explicitFileType = wrapper.framework; includeInIndex = 0; path = Pods_project_2.framework; sourceTree = BUILT_PRODUCTS_DIR; };
		C9BFE07D264049D900489159 /* project 2.app */ = {isa = PBXFileReference; explicitFileType = wrapper.application; includeInIndex = 0; path = "project 2.app"; sourceTree = BUILT_PRODUCTS_DIR; };
		C9BFE080264049D900489159 /* AppDelegate.swift */ = {isa = PBXFileReference; lastKnownFileType = sourcecode.swift; path = AppDelegate.swift; sourceTree = "<group>"; };
		C9BFE082264049D900489159 /* SceneDelegate.swift */ = {isa = PBXFileReference; lastKnownFileType = sourcecode.swift; path = SceneDelegate.swift; sourceTree = "<group>"; };
		C9BFE084264049D900489159 /* MainViewController.swift */ = {isa = PBXFileReference; lastKnownFileType = sourcecode.swift; path = MainViewController.swift; sourceTree = "<group>"; };
		C9BFE087264049D900489159 /* Base */ = {isa = PBXFileReference; lastKnownFileType = file.storyboard; name = Base; path = Base.lproj/Main.storyboard; sourceTree = "<group>"; };
		C9BFE08A264049D900489159 /* project_2.xcdatamodel */ = {isa = PBXFileReference; lastKnownFileType = wrapper.xcdatamodel; path = project_2.xcdatamodel; sourceTree = "<group>"; };
		C9BFE08C264049DB00489159 /* Assets.xcassets */ = {isa = PBXFileReference; lastKnownFileType = folder.assetcatalog; path = Assets.xcassets; sourceTree = "<group>"; };
		C9BFE08F264049DB00489159 /* Base */ = {isa = PBXFileReference; lastKnownFileType = file.storyboard; name = Base; path = Base.lproj/LaunchScreen.storyboard; sourceTree = "<group>"; };
		C9BFE091264049DB00489159 /* Info.plist */ = {isa = PBXFileReference; lastKnownFileType = text.plist.xml; path = Info.plist; sourceTree = "<group>"; };
		C9BFE0A026404C8000489159 /* BaseViewController.swift */ = {isa = PBXFileReference; lastKnownFileType = sourcecode.swift; path = BaseViewController.swift; sourceTree = "<group>"; };
		C9BFE0A726404CE700489159 /* TransactionCell.swift */ = {isa = PBXFileReference; lastKnownFileType = sourcecode.swift; path = TransactionCell.swift; sourceTree = "<group>"; };
		C9BFE0AA26404D3600489159 /* NewListViewController.swift */ = {isa = PBXFileReference; lastKnownFileType = sourcecode.swift; path = NewListViewController.swift; sourceTree = "<group>"; };
		C9BFE0AD26404D5F00489159 /* NewListCircleView.swift */ = {isa = PBXFileReference; lastKnownFileType = sourcecode.swift; path = NewListCircleView.swift; sourceTree = "<group>"; };
		C9BFE0B026404D7D00489159 /* BaseView.swift */ = {isa = PBXFileReference; lastKnownFileType = sourcecode.swift; path = BaseView.swift; sourceTree = "<group>"; };
		C9BFE0B326404DBB00489159 /* ColorCirlceCell.swift */ = {isa = PBXFileReference; lastKnownFileType = sourcecode.swift; path = ColorCirlceCell.swift; sourceTree = "<group>"; };
		C9BFE0B626404DDE00489159 /* SelfSizingTableView.swift */ = {isa = PBXFileReference; lastKnownFileType = sourcecode.swift; path = SelfSizingTableView.swift; sourceTree = "<group>"; };
		C9BFE0B926404E0200489159 /* NewReminderViewController.swift */ = {isa = PBXFileReference; lastKnownFileType = sourcecode.swift; path = NewReminderViewController.swift; sourceTree = "<group>"; };
		C9BFE0BC26404E1A00489159 /* NewReminderCell.swift */ = {isa = PBXFileReference; lastKnownFileType = sourcecode.swift; path = NewReminderCell.swift; sourceTree = "<group>"; };
		C9BFE0BF26404E5C00489159 /* ActionsBottomView.swift */ = {isa = PBXFileReference; lastKnownFileType = sourcecode.swift; path = ActionsBottomView.swift; sourceTree = "<group>"; };
		C9BFE0C32643CC2D00489159 /* LoginViewController.swift */ = {isa = PBXFileReference; lastKnownFileType = sourcecode.swift; path = LoginViewController.swift; sourceTree = "<group>"; };
		CA3AC11012C2637B5BC7B19B /* Pods-project 2.debug.xcconfig */ = {isa = PBXFileReference; includeInIndex = 1; lastKnownFileType = text.xcconfig; name = "Pods-project 2.debug.xcconfig"; path = "Target Support Files/Pods-project 2/Pods-project 2.debug.xcconfig"; sourceTree = "<group>"; };
		DBCCA199F64AAB563F452210 /* Pods-project 2.release.xcconfig */ = {isa = PBXFileReference; includeInIndex = 1; lastKnownFileType = text.xcconfig; name = "Pods-project 2.release.xcconfig"; path = "Target Support Files/Pods-project 2/Pods-project 2.release.xcconfig"; sourceTree = "<group>"; };
/* End PBXFileReference section */

/* Begin PBXFrameworksBuildPhase section */
		C9BFE07A264049D900489159 /* Frameworks */ = {
			isa = PBXFrameworksBuildPhase;
			buildActionMask = 2147483647;
			files = (
				B9384F794F2F364429920884 /* Pods_project_2.framework in Frameworks */,
			);
			runOnlyForDeploymentPostprocessing = 0;
		};
/* End PBXFrameworksBuildPhase section */

/* Begin PBXGroup section */
		1BFABA20CC3AE9D92F4DF712 /* Frameworks */ = {
			isa = PBXGroup;
			children = (
				1447BBAB0EF45A842E62BB2C /* Pods_project_2.framework */,
			);
			name = Frameworks;
			sourceTree = "<group>";
		};
		B895612B5BC6BEAD702823B9 /* Pods */ = {
			isa = PBXGroup;
			children = (
				CA3AC11012C2637B5BC7B19B /* Pods-project 2.debug.xcconfig */,
				DBCCA199F64AAB563F452210 /* Pods-project 2.release.xcconfig */,
			);
			path = Pods;
			sourceTree = "<group>";
		};
		C9BFE074264049D900489159 = {
			isa = PBXGroup;
			children = (
				C9BFE07F264049D900489159 /* project 2 */,
				C9BFE07E264049D900489159 /* Products */,
				B895612B5BC6BEAD702823B9 /* Pods */,
				1BFABA20CC3AE9D92F4DF712 /* Frameworks */,
			);
			sourceTree = "<group>";
		};
		C9BFE07E264049D900489159 /* Products */ = {
			isa = PBXGroup;
			children = (
				C9BFE07D264049D900489159 /* project 2.app */,
			);
			name = Products;
			sourceTree = "<group>";
		};
		C9BFE07F264049D900489159 /* project 2 */ = {
			isa = PBXGroup;
			children = (
				C9BFE09F26404C6A00489159 /* UI */,
				C9BFE080264049D900489159 /* AppDelegate.swift */,
				C9BFE082264049D900489159 /* SceneDelegate.swift */,
				C9BFE086264049D900489159 /* Main.storyboard */,
				C9BFE08C264049DB00489159 /* Assets.xcassets */,
				C9BFE08E264049DB00489159 /* LaunchScreen.storyboard */,
				C9BFE091264049DB00489159 /* Info.plist */,
				C9BFE089264049D900489159 /* project_2.xcdatamodeld */,
			);
			path = "project 2";
			sourceTree = "<group>";
		};
		C9BFE09F26404C6A00489159 /* UI */ = {
			isa = PBXGroup;
			children = (
				C9BFE0C82643D6B800489159 /* New Group */,
				C9BFE0C32643CC2D00489159 /* LoginViewController.swift */,
				C9BFE084264049D900489159 /* MainViewController.swift */,
				C9BFE0A026404C8000489159 /* BaseViewController.swift */,
				C9BFE0A726404CE700489159 /* TransactionCell.swift */,
				C9BFE0AA26404D3600489159 /* NewListViewController.swift */,
				C9BFE0AD26404D5F00489159 /* NewListCircleView.swift */,
				C9BFE0B026404D7D00489159 /* BaseView.swift */,
				C9BFE0B326404DBB00489159 /* ColorCirlceCell.swift */,
				C9BFE0B626404DDE00489159 /* SelfSizingTableView.swift */,
				C9BFE0B926404E0200489159 /* NewReminderViewController.swift */,
				C9BFE0BC26404E1A00489159 /* NewReminderCell.swift */,
				C9BFE0BF26404E5C00489159 /* ActionsBottomView.swift */,
			);
			path = UI;
			sourceTree = "<group>";
		};
		C9BFE0C82643D6B800489159 /* New Group */ = {
			isa = PBXGroup;
			children = (
			);
			path = "New Group";
			sourceTree = "<group>";
		};
/* End PBXGroup section */

/* Begin PBXNativeTarget section */
		C9BFE07C264049D900489159 /* project 2 */ = {
			isa = PBXNativeTarget;
			buildConfigurationList = C9BFE094264049DB00489159 /* Build configuration list for PBXNativeTarget "project 2" */;
			buildPhases = (
				D772B910ACFCBE7881E3F7DA /* [CP] Check Pods Manifest.lock */,
				C9BFE079264049D900489159 /* Sources */,
				C9BFE07A264049D900489159 /* Frameworks */,
				C9BFE07B264049D900489159 /* Resources */,
				4FC94F1178A3E9BE078727CB /* [CP] Embed Pods Frameworks */,
			);
			buildRules = (
			);
			dependencies = (
			);
			name = "project 2";
			productName = "project 2";
			productReference = C9BFE07D264049D900489159 /* project 2.app */;
			productType = "com.apple.product-type.application";
		};
/* End PBXNativeTarget section */

/* Begin PBXProject section */
		C9BFE075264049D900489159 /* Project object */ = {
			isa = PBXProject;
			attributes = {
				LastSwiftUpdateCheck = 1240;
				LastUpgradeCheck = 1240;
				TargetAttributes = {
					C9BFE07C264049D900489159 = {
						CreatedOnToolsVersion = 12.4;
					};
				};
			};
			buildConfigurationList = C9BFE078264049D900489159 /* Build configuration list for PBXProject "project 2" */;
			compatibilityVersion = "Xcode 9.3";
			developmentRegion = en;
			hasScannedForEncodings = 0;
			knownRegions = (
				en,
				Base,
			);
			mainGroup = C9BFE074264049D900489159;
			productRefGroup = C9BFE07E264049D900489159 /* Products */;
			projectDirPath = "";
			projectRoot = "";
			targets = (
				C9BFE07C264049D900489159 /* project 2 */,
			);
		};
/* End PBXProject section */

/* Begin PBXResourcesBuildPhase section */
		C9BFE07B264049D900489159 /* Resources */ = {
			isa = PBXResourcesBuildPhase;
			buildActionMask = 2147483647;
			files = (
				C9BFE090264049DB00489159 /* LaunchScreen.storyboard in Resources */,
				C9BFE08D264049DB00489159 /* Assets.xcassets in Resources */,
				C9BFE088264049D900489159 /* Main.storyboard in Resources */,
			);
			runOnlyForDeploymentPostprocessing = 0;
		};
/* End PBXResourcesBuildPhase section */

/* Begin PBXShellScriptBuildPhase section */
		4FC94F1178A3E9BE078727CB /* [CP] Embed Pods Frameworks */ = {
			isa = PBXShellScriptBuildPhase;
			buildActionMask = 2147483647;
			files = (
			);
			inputFileListPaths = (
				"${PODS_ROOT}/Target Support Files/Pods-project 2/Pods-project 2-frameworks-${CONFIGURATION}-input-files.xcfilelist",
			);
			name = "[CP] Embed Pods Frameworks";
			outputFileListPaths = (
				"${PODS_ROOT}/Target Support Files/Pods-project 2/Pods-project 2-frameworks-${CONFIGURATION}-output-files.xcfilelist",
			);
			runOnlyForDeploymentPostprocessing = 0;
			shellPath = /bin/sh;
			shellScript = "\"${PODS_ROOT}/Target Support Files/Pods-project 2/Pods-project 2-frameworks.sh\"\n";
			showEnvVarsInLog = 0;
		};
		D772B910ACFCBE7881E3F7DA /* [CP] Check Pods Manifest.lock */ = {
			isa = PBXShellScriptBuildPhase;
			buildActionMask = 2147483647;
			files = (
			);
			inputFileListPaths = (
			);
			inputPaths = (
				"${PODS_PODFILE_DIR_PATH}/Podfile.lock",
				"${PODS_ROOT}/Manifest.lock",
			);
			name = "[CP] Check Pods Manifest.lock";
			outputFileListPaths = (
			);
			outputPaths = (
				"$(DERIVED_FILE_DIR)/Pods-project 2-checkManifestLockResult.txt",
			);
			runOnlyForDeploymentPostprocessing = 0;
			shellPath = /bin/sh;
			shellScript = "diff \"${PODS_PODFILE_DIR_PATH}/Podfile.lock\" \"${PODS_ROOT}/Manifest.lock\" > /dev/null\nif [ $? != 0 ] ; then\n    # print error to STDERR\n    echo \"error: The sandbox is not in sync with the Podfile.lock. Run 'pod install' or update your CocoaPods installation.\" >&2\n    exit 1\nfi\n# This output is used by Xcode 'outputs' to avoid re-running this script phase.\necho \"SUCCESS\" > \"${SCRIPT_OUTPUT_FILE_0}\"\n";
			showEnvVarsInLog = 0;
		};
/* End PBXShellScriptBuildPhase section */

/* Begin PBXSourcesBuildPhase section */
		C9BFE079264049D900489159 /* Sources */ = {
			isa = PBXSourcesBuildPhase;
			buildActionMask = 2147483647;
			files = (
				C9BFE0BA26404E0200489159 /* NewReminderViewController.swift in Sources */,
				C9BFE0AE26404D5F00489159 /* NewListCircleView.swift in Sources */,
				C9BFE0BD26404E1A00489159 /* NewReminderCell.swift in Sources */,
				C9BFE0C42643CC2D00489159 /* LoginViewController.swift in Sources */,
				C9BFE0A126404C8000489159 /* BaseViewController.swift in Sources */,
				C9BFE085264049D900489159 /* MainViewController.swift in Sources */,
				C9BFE0AB26404D3600489159 /* NewListViewController.swift in Sources */,
				C9BFE081264049D900489159 /* AppDelegate.swift in Sources */,
				C9BFE0B426404DBB00489159 /* ColorCirlceCell.swift in Sources */,
				C9BFE08B264049D900489159 /* project_2.xcdatamodeld in Sources */,
				C9BFE0B126404D7D00489159 /* BaseView.swift in Sources */,
				C9BFE0C026404E5C00489159 /* ActionsBottomView.swift in Sources */,
				C9BFE0B726404DDE00489159 /* SelfSizingTableView.swift in Sources */,
				C9BFE0A826404CE700489159 /* TransactionCell.swift in Sources */,
				C9BFE083264049D900489159 /* SceneDelegate.swift in Sources */,
			);
			runOnlyForDeploymentPostprocessing = 0;
		};
/* End PBXSourcesBuildPhase section */

/* Begin PBXVariantGroup section */
		C9BFE086264049D900489159 /* Main.storyboard */ = {
			isa = PBXVariantGroup;
			children = (
				C9BFE087264049D900489159 /* Base */,
			);
			name = Main.storyboard;
			sourceTree = "<group>";
		};
		C9BFE08E264049DB00489159 /* LaunchScreen.storyboard */ = {
			isa = PBXVariantGroup;
			children = (
				C9BFE08F264049DB00489159 /* Base */,
			);
			name = LaunchScreen.storyboard;
			sourceTree = "<group>";
		};
/* End PBXVariantGroup section */

/* Begin XCBuildConfiguration section */
		C9BFE092264049DB00489159 /* Debug */ = {
			isa = XCBuildConfiguration;
			buildSettings = {
				ALWAYS_SEARCH_USER_PATHS = NO;
				CLANG_ANALYZER_NONNULL = YES;
				CLANG_ANALYZER_NUMBER_OBJECT_CONVERSION = YES_AGGRESSIVE;
				CLANG_CXX_LANGUAGE_STANDARD = "gnu++14";
				CLANG_CXX_LIBRARY = "libc++";
				CLANG_ENABLE_MODULES = YES;
				CLANG_ENABLE_OBJC_ARC = YES;
				CLANG_ENABLE_OBJC_WEAK = YES;
				CLANG_WARN_BLOCK_CAPTURE_AUTORELEASING = YES;
				CLANG_WARN_BOOL_CONVERSION = YES;
				CLANG_WARN_COMMA = YES;
				CLANG_WARN_CONSTANT_CONVERSION = YES;
				CLANG_WARN_DEPRECATED_OBJC_IMPLEMENTATIONS = YES;
				CLANG_WARN_DIRECT_OBJC_ISA_USAGE = YES_ERROR;
				CLANG_WARN_DOCUMENTATION_COMMENTS = YES;
				CLANG_WARN_EMPTY_BODY = YES;
				CLANG_WARN_ENUM_CONVERSION = YES;
				CLANG_WARN_INFINITE_RECURSION = YES;
				CLANG_WARN_INT_CONVERSION = YES;
				CLANG_WARN_NON_LITERAL_NULL_CONVERSION = YES;
				CLANG_WARN_OBJC_IMPLICIT_RETAIN_SELF = YES;
				CLANG_WARN_OBJC_LITERAL_CONVERSION = YES;
				CLANG_WARN_OBJC_ROOT_CLASS = YES_ERROR;
				CLANG_WARN_QUOTED_INCLUDE_IN_FRAMEWORK_HEADER = YES;
				CLANG_WARN_RANGE_LOOP_ANALYSIS = YES;
				CLANG_WARN_STRICT_PROTOTYPES = YES;
				CLANG_WARN_SUSPICIOUS_MOVE = YES;
				CLANG_WARN_UNGUARDED_AVAILABILITY = YES_AGGRESSIVE;
				CLANG_WARN_UNREACHABLE_CODE = YES;
				CLANG_WARN__DUPLICATE_METHOD_MATCH = YES;
				COPY_PHASE_STRIP = NO;
				DEBUG_INFORMATION_FORMAT = dwarf;
				ENABLE_STRICT_OBJC_MSGSEND = YES;
				ENABLE_TESTABILITY = YES;
				GCC_C_LANGUAGE_STANDARD = gnu11;
				GCC_DYNAMIC_NO_PIC = NO;
				GCC_NO_COMMON_BLOCKS = YES;
				GCC_OPTIMIZATION_LEVEL = 0;
				GCC_PREPROCESSOR_DEFINITIONS = (
					"DEBUG=1",
					"$(inherited)",
				);
				GCC_WARN_64_TO_32_BIT_CONVERSION = YES;
				GCC_WARN_ABOUT_RETURN_TYPE = YES_ERROR;
				GCC_WARN_UNDECLARED_SELECTOR = YES;
				GCC_WARN_UNINITIALIZED_AUTOS = YES_AGGRESSIVE;
				GCC_WARN_UNUSED_FUNCTION = YES;
				GCC_WARN_UNUSED_VARIABLE = YES;
				IPHONEOS_DEPLOYMENT_TARGET = 14.4;
				MTL_ENABLE_DEBUG_INFO = INCLUDE_SOURCE;
				MTL_FAST_MATH = YES;
				ONLY_ACTIVE_ARCH = YES;
				SDKROOT = iphoneos;
				SWIFT_ACTIVE_COMPILATION_CONDITIONS = DEBUG;
				SWIFT_OPTIMIZATION_LEVEL = "-Onone";
			};
			name = Debug;
		};
		C9BFE093264049DB00489159 /* Release */ = {
			isa = XCBuildConfiguration;
			buildSettings = {
				ALWAYS_SEARCH_USER_PATHS = NO;
				CLANG_ANALYZER_NONNULL = YES;
				CLANG_ANALYZER_NUMBER_OBJECT_CONVERSION = YES_AGGRESSIVE;
				CLANG_CXX_LANGUAGE_STANDARD = "gnu++14";
				CLANG_CXX_LIBRARY = "libc++";
				CLANG_ENABLE_MODULES = YES;
				CLANG_ENABLE_OBJC_ARC = YES;
				CLANG_ENABLE_OBJC_WEAK = YES;
				CLANG_WARN_BLOCK_CAPTURE_AUTORELEASING = YES;
				CLANG_WARN_BOOL_CONVERSION = YES;
				CLANG_WARN_COMMA = YES;
				CLANG_WARN_CONSTANT_CONVERSION = YES;
				CLANG_WARN_DEPRECATED_OBJC_IMPLEMENTATIONS = YES;
				CLANG_WARN_DIRECT_OBJC_ISA_USAGE = YES_ERROR;
				CLANG_WARN_DOCUMENTATION_COMMENTS = YES;
				CLANG_WARN_EMPTY_BODY = YES;
				CLANG_WARN_ENUM_CONVERSION = YES;
				CLANG_WARN_INFINITE_RECURSION = YES;
				CLANG_WARN_INT_CONVERSION = YES;
				CLANG_WARN_NON_LITERAL_NULL_CONVERSION = YES;
				CLANG_WARN_OBJC_IMPLICIT_RETAIN_SELF = YES;
				CLANG_WARN_OBJC_LITERAL_CONVERSION = YES;
				CLANG_WARN_OBJC_ROOT_CLASS = YES_ERROR;
				CLANG_WARN_QUOTED_INCLUDE_IN_FRAMEWORK_HEADER = YES;
				CLANG_WARN_RANGE_LOOP_ANALYSIS = YES;
				CLANG_WARN_STRICT_PROTOTYPES = YES;
				CLANG_WARN_SUSPICIOUS_MOVE = YES;
				CLANG_WARN_UNGUARDED_AVAILABILITY = YES_AGGRESSIVE;
				CLANG_WARN_UNREACHABLE_CODE = YES;
				CLANG_WARN__DUPLICATE_METHOD_MATCH = YES;
				COPY_PHASE_STRIP = NO;
				DEBUG_INFORMATION_FORMAT = "dwarf-with-dsym";
				ENABLE_NS_ASSERTIONS = NO;
				ENABLE_STRICT_OBJC_MSGSEND = YES;
				GCC_C_LANGUAGE_STANDARD = gnu11;
				GCC_NO_COMMON_BLOCKS = YES;
				GCC_WARN_64_TO_32_BIT_CONVERSION = YES;
				GCC_WARN_ABOUT_RETURN_TYPE = YES_ERROR;
				GCC_WARN_UNDECLARED_SELECTOR = YES;
				GCC_WARN_UNINITIALIZED_AUTOS = YES_AGGRESSIVE;
				GCC_WARN_UNUSED_FUNCTION = YES;
				GCC_WARN_UNUSED_VARIABLE = YES;
				IPHONEOS_DEPLOYMENT_TARGET = 14.4;
				MTL_ENABLE_DEBUG_INFO = NO;
				MTL_FAST_MATH = YES;
				SDKROOT = iphoneos;
				SWIFT_COMPILATION_MODE = wholemodule;
				SWIFT_OPTIMIZATION_LEVEL = "-O";
				VALIDATE_PRODUCT = YES;
			};
			name = Release;
		};
		C9BFE095264049DB00489159 /* Debug */ = {
			isa = XCBuildConfiguration;
			baseConfigurationReference = CA3AC11012C2637B5BC7B19B /* Pods-project 2.debug.xcconfig */;
			buildSettings = {
				ASSETCATALOG_COMPILER_APPICON_NAME = AppIcon;
				ASSETCATALOG_COMPILER_GLOBAL_ACCENT_COLOR_NAME = AccentColor;
				CODE_SIGN_STYLE = Automatic;
				DEVELOPMENT_TEAM = VXYM6M435R;
				INFOPLIST_FILE = "project 2/Info.plist";
				LD_RUNPATH_SEARCH_PATHS = (
					"$(inherited)",
					"@executable_path/Frameworks",
				);
				PRODUCT_BUNDLE_IDENTIFIER = "com.lukasadoms.project-2";
				PRODUCT_NAME = "$(TARGET_NAME)";
				SWIFT_VERSION = 5.0;
				TARGETED_DEVICE_FAMILY = "1,2";
			};
			name = Debug;
		};
		C9BFE096264049DB00489159 /* Release */ = {
			isa = XCBuildConfiguration;
			baseConfigurationReference = DBCCA199F64AAB563F452210 /* Pods-project 2.release.xcconfig */;
			buildSettings = {
				ASSETCATALOG_COMPILER_APPICON_NAME = AppIcon;
				ASSETCATALOG_COMPILER_GLOBAL_ACCENT_COLOR_NAME = AccentColor;
				CODE_SIGN_STYLE = Automatic;
				DEVELOPMENT_TEAM = VXYM6M435R;
				INFOPLIST_FILE = "project 2/Info.plist";
				LD_RUNPATH_SEARCH_PATHS = (
					"$(inherited)",
					"@executable_path/Frameworks",
				);
				PRODUCT_BUNDLE_IDENTIFIER = "com.lukasadoms.project-2";
				PRODUCT_NAME = "$(TARGET_NAME)";
				SWIFT_VERSION = 5.0;
				TARGETED_DEVICE_FAMILY = "1,2";
			};
			name = Release;
		};
/* End XCBuildConfiguration section */

/* Begin XCConfigurationList section */
		C9BFE078264049D900489159 /* Build configuration list for PBXProject "project 2" */ = {
			isa = XCConfigurationList;
			buildConfigurations = (
				C9BFE092264049DB00489159 /* Debug */,
				C9BFE093264049DB00489159 /* Release */,
			);
			defaultConfigurationIsVisible = 0;
			defaultConfigurationName = Release;
		};
		C9BFE094264049DB00489159 /* Build configuration list for PBXNativeTarget "project 2" */ = {
			isa = XCConfigurationList;
			buildConfigurations = (
				C9BFE095264049DB00489159 /* Debug */,
				C9BFE096264049DB00489159 /* Release */,
			);
			defaultConfigurationIsVisible = 0;
			defaultConfigurationName = Release;
		};
/* End XCConfigurationList section */

/* Begin XCVersionGroup section */
		C9BFE089264049D900489159 /* project_2.xcdatamodeld */ = {
			isa = XCVersionGroup;
			children = (
				C9BFE08A264049D900489159 /* project_2.xcdatamodel */,
			);
			currentVersion = C9BFE08A264049D900489159 /* project_2.xcdatamodel */;
			path = project_2.xcdatamodeld;
			sourceTree = "<group>";
			versionGroupType = wrapper.xcdatamodel;
		};
/* End XCVersionGroup section */
	};
	rootObject = C9BFE075264049D900489159 /* Project object */;
}
